// !$*UTF8*$!
{
	archiveVersion = 1;
	classes = {
	};
	objectVersion = 77;
	objects = {

/* Begin PBXContainerItemProxy section */
		34E59A452EA16AFC00D44D94 /* PBXContainerItemProxy */ = {
			isa = PBXContainerItemProxy;
			containerPortal = 34E59A2A2EA16AFB00D44D94 /* Project object */;
			proxyType = 1;
			remoteGlobalIDString = 34E59A312EA16AFB00D44D94;
			remoteInfo = "Shift-app";
		};
		34E59A4F2EA16AFC00D44D94 /* PBXContainerItemProxy */ = {
			isa = PBXContainerItemProxy;
			containerPortal = 34E59A2A2EA16AFB00D44D94 /* Project object */;
			proxyType = 1;
			remoteGlobalIDString = 34E59A312EA16AFB00D44D94;
			remoteInfo = "Shift-app";
		};
/* End PBXContainerItemProxy section */

/* Begin PBXFileReference section */
		34E59A322EA16AFB00D44D94 /* Shift-app.app */ = {isa = PBXFileReference; explicitFileType = wrapper.application; includeInIndex = 0; path = "Shift-app.app"; sourceTree = BUILT_PRODUCTS_DIR; };
		34E59A442EA16AFC00D44D94 /* Shift-appTests.xctest */ = {isa = PBXFileReference; explicitFileType = wrapper.cfbundle; includeInIndex = 0; path = "Shift-appTests.xctest"; sourceTree = BUILT_PRODUCTS_DIR; };
		34E59A4E2EA16AFC00D44D94 /* Shift-appUITests.xctest */ = {isa = PBXFileReference; explicitFileType = wrapper.cfbundle; includeInIndex = 0; path = "Shift-appUITests.xctest"; sourceTree = BUILT_PRODUCTS_DIR; };
/* End PBXFileReference section */

/* Begin PBXFileSystemSynchronizedRootGroup section */
		34E59A342EA16AFB00D44D94 /* Shift-app */ = {
			isa = PBXFileSystemSynchronizedRootGroup;
			path = "Shift-app";
			sourceTree = "<group>";
		};
		34E59A472EA16AFC00D44D94 /* Shift-appTests */ = {
			isa = PBXFileSystemSynchronizedRootGroup;
			path = "Shift-appTests";
			sourceTree = "<group>";
		};
		34E59A512EA16AFC00D44D94 /* Shift-appUITests */ = {
			isa = PBXFileSystemSynchronizedRootGroup;
			path = "Shift-appUITests";
			sourceTree = "<group>";
		};
/* End PBXFileSystemSynchronizedRootGroup section */

/* Begin PBXFrameworksBuildPhase section */
		34E59A2F2EA16AFB00D44D94 /* Frameworks */ = {
			isa = PBXFrameworksBuildPhase;
			buildActionMask = 2147483647;
			files = (
			);
			runOnlyForDeploymentPostprocessing = 0;
		};
		34E59A412EA16AFC00D44D94 /* Frameworks */ = {
			isa = PBXFrameworksBuildPhase;
			buildActionMask = 2147483647;
			files = (
			);
			runOnlyForDeploymentPostprocessing = 0;
		};
		34E59A4B2EA16AFC00D44D94 /* Frameworks */ = {
			isa = PBXFrameworksBuildPhase;
			buildActionMask = 2147483647;
			files = (
			);
			runOnlyForDeploymentPostprocessing = 0;
		};
/* End PBXFrameworksBuildPhase section */

/* Begin PBXGroup section */
		34E59A292EA16AFB00D44D94 = {
			isa = PBXGroup;
			children = (
				34E59A342EA16AFB00D44D94 /* Shift-app */,
				34E59A472EA16AFC00D44D94 /* Shift-appTests */,
				34E59A512EA16AFC00D44D94 /* Shift-appUITests */,
				34E59A332EA16AFB00D44D94 /* Products */,
			);
			sourceTree = "<group>";
		};
		34E59A332EA16AFB00D44D94 /* Products */ = {
			isa = PBXGroup;
			children = (
				34E59A322EA16AFB00D44D94 /* Shift-app.app */,
				34E59A442EA16AFC00D44D94 /* Shift-appTests.xctest */,
				34E59A4E2EA16AFC00D44D94 /* Shift-appUITests.xctest */,
			);
			name = Products;
			sourceTree = "<group>";
		};
/* End PBXGroup section */

/* Begin PBXNativeTarget section */
		34E59A312EA16AFB00D44D94 /* Shift-app */ = {
			isa = PBXNativeTarget;
			buildConfigurationList = 34E59A582EA16AFC00D44D94 /* Build configuration list for PBXNativeTarget "Shift-app" */;
			buildPhases = (
				34E59A2E2EA16AFB00D44D94 /* Sources */,
				34E59A2F2EA16AFB00D44D94 /* Frameworks */,
				34E59A302EA16AFB00D44D94 /* Resources */,
			);
			buildRules = (
			);
			dependencies = (
			);
			fileSystemSynchronizedGroups = (
				34E59A342EA16AFB00D44D94 /* Shift-app */,
			);
			name = "Shift-app";
			packageProductDependencies = (
			);
			productName = "Shift-app";
			productReference = 34E59A322EA16AFB00D44D94 /* Shift-app.app */;
			productType = "com.apple.product-type.application";
		};
		34E59A432EA16AFC00D44D94 /* Shift-appTests */ = {
			isa = PBXNativeTarget;
			buildConfigurationList = 34E59A5B2EA16AFC00D44D94 /* Build configuration list for PBXNativeTarget "Shift-appTests" */;
			buildPhases = (
				34E59A402EA16AFC00D44D94 /* Sources */,
				34E59A412EA16AFC00D44D94 /* Frameworks */,
				34E59A422EA16AFC00D44D94 /* Resources */,
			);
			buildRules = (
			);
			dependencies = (
				34E59A462EA16AFC00D44D94 /* PBXTargetDependency */,
			);
			fileSystemSynchronizedGroups = (
				34E59A472EA16AFC00D44D94 /* Shift-appTests */,
			);
			name = "Shift-appTests";
			packageProductDependencies = (
			);
			productName = "Shift-appTests";
			productReference = 34E59A442EA16AFC00D44D94 /* Shift-appTests.xctest */;
			productType = "com.apple.product-type.bundle.unit-test";
		};
		34E59A4D2EA16AFC00D44D94 /* Shift-appUITests */ = {
			isa = PBXNativeTarget;
			buildConfigurationList = 34E59A5E2EA16AFC00D44D94 /* Build configuration list for PBXNativeTarget "Shift-appUITests" */;
			buildPhases = (
				34E59A4A2EA16AFC00D44D94 /* Sources */,
				34E59A4B2EA16AFC00D44D94 /* Frameworks */,
				34E59A4C2EA16AFC00D44D94 /* Resources */,
			);
			buildRules = (
			);
			dependencies = (
				34E59A502EA16AFC00D44D94 /* PBXTargetDependency */,
			);
			fileSystemSynchronizedGroups = (
				34E59A512EA16AFC00D44D94 /* Shift-appUITests */,
			);
			name = "Shift-appUITests";
			packageProductDependencies = (
			);
			productName = "Shift-appUITests";
			productReference = 34E59A4E2EA16AFC00D44D94 /* Shift-appUITests.xctest */;
			productType = "com.apple.product-type.bundle.ui-testing";
		};
/* End PBXNativeTarget section */

/* Begin PBXProject section */
		34E59A2A2EA16AFB00D44D94 /* Project object */ = {
			isa = PBXProject;
			attributes = {
				BuildIndependentTargetsInParallel = 1;
				LastSwiftUpdateCheck = 1640;
				LastUpgradeCheck = 1640;
				TargetAttributes = {
					34E59A312EA16AFB00D44D94 = {
						CreatedOnToolsVersion = 16.4;
					};
					34E59A432EA16AFC00D44D94 = {
						CreatedOnToolsVersion = 16.4;
						TestTargetID = 34E59A312EA16AFB00D44D94;
					};
					34E59A4D2EA16AFC00D44D94 = {
						CreatedOnToolsVersion = 16.4;
						TestTargetID = 34E59A312EA16AFB00D44D94;
					};
				};
			};
			buildConfigurationList = 34E59A2D2EA16AFB00D44D94 /* Build configuration list for PBXProject "Shift-app" */;
			developmentRegion = en;
			hasScannedForEncodings = 0;
			knownRegions = (
				en,
				Base,
			);
			mainGroup = 34E59A292EA16AFB00D44D94;
			minimizedProjectReferenceProxies = 1;
			preferredProjectObjectVersion = 77;
			productRefGroup = 34E59A332EA16AFB00D44D94 /* Products */;
			projectDirPath = "";
			projectRoot = "";
			targets = (
				34E59A312EA16AFB00D44D94 /* Shift-app */,
				34E59A432EA16AFC00D44D94 /* Shift-appTests */,
				34E59A4D2EA16AFC00D44D94 /* Shift-appUITests */,
			);
		};
/* End PBXProject section */

/* Begin PBXResourcesBuildPhase section */
		34E59A302EA16AFB00D44D94 /* Resources */ = {
			isa = PBXResourcesBuildPhase;
			buildActionMask = 2147483647;
			files = (
			);
			runOnlyForDeploymentPostprocessing = 0;
		};
		34E59A422EA16AFC00D44D94 /* Resources */ = {
			isa = PBXResourcesBuildPhase;
			buildActionMask = 2147483647;
			files = (
			);
			runOnlyForDeploymentPostprocessing = 0;
		};
		34E59A4C2EA16AFC00D44D94 /* Resources */ = {
			isa = PBXResourcesBuildPhase;
			buildActionMask = 2147483647;
			files = (
			);
			runOnlyForDeploymentPostprocessing = 0;
		};
/* End PBXResourcesBuildPhase section */

/* Begin PBXSourcesBuildPhase section */
		34E59A2E2EA16AFB00D44D94 /* Sources */ = {
			isa = PBXSourcesBuildPhase;
			buildActionMask = 2147483647;
			files = (
			);
			runOnlyForDeploymentPostprocessing = 0;
		};
		34E59A402EA16AFC00D44D94 /* Sources */ = {
			isa = PBXSourcesBuildPhase;
			buildActionMask = 2147483647;
			files = (
			);
			runOnlyForDeploymentPostprocessing = 0;
		};
		34E59A4A2EA16AFC00D44D94 /* Sources */ = {
			isa = PBXSourcesBuildPhase;
			buildActionMask = 2147483647;
			files = (
			);
			runOnlyForDeploymentPostprocessing = 0;
		};
/* End PBXSourcesBuildPhase section */

/* Begin PBXTargetDependency section */
		34E59A462EA16AFC00D44D94 /* PBXTargetDependency */ = {
			isa = PBXTargetDependency;
			target = 34E59A312EA16AFB00D44D94 /* Shift-app */;
			targetProxy = 34E59A452EA16AFC00D44D94 /* PBXContainerItemProxy */;
		};
		34E59A502EA16AFC00D44D94 /* PBXTargetDependency */ = {
			isa = PBXTargetDependency;
			target = 34E59A312EA16AFB00D44D94 /* Shift-app */;
			targetProxy = 34E59A4F2EA16AFC00D44D94 /* PBXContainerItemProxy */;
		};
/* End PBXTargetDependency section */

/* Begin XCBuildConfiguration section */
		34E59A562EA16AFC00D44D94 /* Debug */ = {
			isa = XCBuildConfiguration;
			buildSettings = {
				ALWAYS_SEARCH_USER_PATHS = NO;
				ASSETCATALOG_COMPILER_GENERATE_SWIFT_ASSET_SYMBOL_EXTENSIONS = YES;
				CLANG_ANALYZER_NONNULL = YES;
				CLANG_ANALYZER_NUMBER_OBJECT_CONVERSION = YES_AGGRESSIVE;
				CLANG_CXX_LANGUAGE_STANDARD = "gnu++20";
				CLANG_ENABLE_MODULES = YES;
				CLANG_ENABLE_OBJC_ARC = YES;
				CLANG_ENABLE_OBJC_WEAK = YES;
				CLANG_WARN_BLOCK_CAPTURE_AUTORELEASING = YES;
				CLANG_WARN_BOOL_CONVERSION = YES;
				CLANG_WARN_COMMA = YES;
				CLANG_WARN_CONSTANT_CONVERSION = YES;
				CLANG_WARN_DEPRECATED_OBJC_IMPLEMENTATIONS = YES;
				CLANG_WARN_DIRECT_OBJC_ISA_USAGE = YES_ERROR;
				CLANG_WARN_DOCUMENTATION_COMMENTS = YES;
				CLANG_WARN_EMPTY_BODY = YES;
				CLANG_WARN_ENUM_CONVERSION = YES;
				CLANG_WARN_INFINITE_RECURSION = YES;
				CLANG_WARN_INT_CONVERSION = YES;
				CLANG_WARN_NON_LITERAL_NULL_CONVERSION = YES;
				CLANG_WARN_OBJC_IMPLICIT_RETAIN_SELF = YES;
				CLANG_WARN_OBJC_LITERAL_CONVERSION = YES;
				CLANG_WARN_OBJC_ROOT_CLASS = YES_ERROR;
				CLANG_WARN_QUOTED_INCLUDE_IN_FRAMEWORK_HEADER = YES;
				CLANG_WARN_RANGE_LOOP_ANALYSIS = YES;
				CLANG_WARN_STRICT_PROTOTYPES = YES;
				CLANG_WARN_SUSPICIOUS_MOVE = YES;
				CLANG_WARN_UNGUARDED_AVAILABILITY = YES_AGGRESSIVE;
				CLANG_WARN_UNREACHABLE_CODE = YES;
				CLANG_WARN__DUPLICATE_METHOD_MATCH = YES;
				COPY_PHASE_STRIP = NO;
				DEBUG_INFORMATION_FORMAT = dwarf;
				DEVELOPMENT_TEAM = BB694WD576;
				ENABLE_STRICT_OBJC_MSGSEND = YES;
				ENABLE_TESTABILITY = YES;
				ENABLE_USER_SCRIPT_SANDBOXING = YES;
				GCC_C_LANGUAGE_STANDARD = gnu17;
				GCC_DYNAMIC_NO_PIC = NO;
				GCC_NO_COMMON_BLOCKS = YES;
				GCC_OPTIMIZATION_LEVEL = 0;
				GCC_PREPROCESSOR_DEFINITIONS = (
					"DEBUG=1",
					"$(inherited)",
				);
				GCC_WARN_64_TO_32_BIT_CONVERSION = YES;
				GCC_WARN_ABOUT_RETURN_TYPE = YES_ERROR;
				GCC_WARN_UNDECLARED_SELECTOR = YES;
				GCC_WARN_UNINITIALIZED_AUTOS = YES_AGGRESSIVE;
				GCC_WARN_UNUSED_FUNCTION = YES;
				GCC_WARN_UNUSED_VARIABLE = YES;
				IPHONEOS_DEPLOYMENT_TARGET = 18.5;
				LOCALIZATION_PREFERS_STRING_CATALOGS = YES;
				MTL_ENABLE_DEBUG_INFO = INCLUDE_SOURCE;
				MTL_FAST_MATH = YES;
				ONLY_ACTIVE_ARCH = YES;
				SDKROOT = iphoneos;
				SWIFT_ACTIVE_COMPILATION_CONDITIONS = "DEBUG $(inherited)";
				SWIFT_OPTIMIZATION_LEVEL = "-Onone";
			};
			name = Debug;
		};
		34E59A572EA16AFC00D44D94 /* Release */ = {
			isa = XCBuildConfiguration;
			buildSettings = {
				ALWAYS_SEARCH_USER_PATHS = NO;
				ASSETCATALOG_COMPILER_GENERATE_SWIFT_ASSET_SYMBOL_EXTENSIONS = YES;
				CLANG_ANALYZER_NONNULL = YES;
				CLANG_ANALYZER_NUMBER_OBJECT_CONVERSION = YES_AGGRESSIVE;
				CLANG_CXX_LANGUAGE_STANDARD = "gnu++20";
				CLANG_ENABLE_MODULES = YES;
				CLANG_ENABLE_OBJC_ARC = YES;
				CLANG_ENABLE_OBJC_WEAK = YES;
				CLANG_WARN_BLOCK_CAPTURE_AUTORELEASING = YES;
				CLANG_WARN_BOOL_CONVERSION = YES;
				CLANG_WARN_COMMA = YES;
				CLANG_WARN_CONSTANT_CONVERSION = YES;
				CLANG_WARN_DEPRECATED_OBJC_IMPLEMENTATIONS = YES;
				CLANG_WARN_DIRECT_OBJC_ISA_USAGE = YES_ERROR;
				CLANG_WARN_DOCUMENTATION_COMMENTS = YES;
				CLANG_WARN_EMPTY_BODY = YES;
				CLANG_WARN_ENUM_CONVERSION = YES;
				CLANG_WARN_INFINITE_RECURSION = YES;
				CLANG_WARN_INT_CONVERSION = YES;
				CLANG_WARN_NON_LITERAL_NULL_CONVERSION = YES;
				CLANG_WARN_OBJC_IMPLICIT_RETAIN_SELF = YES;
				CLANG_WARN_OBJC_LITERAL_CONVERSION = YES;
				CLANG_WARN_OBJC_ROOT_CLASS = YES_ERROR;
				CLANG_WARN_QUOTED_INCLUDE_IN_FRAMEWORK_HEADER = YES;
				CLANG_WARN_RANGE_LOOP_ANALYSIS = YES;
				CLANG_WARN_STRICT_PROTOTYPES = YES;
				CLANG_WARN_SUSPICIOUS_MOVE = YES;
				CLANG_WARN_UNGUARDED_AVAILABILITY = YES_AGGRESSIVE;
				CLANG_WARN_UNREACHABLE_CODE = YES;
				CLANG_WARN__DUPLICATE_METHOD_MATCH = YES;
				COPY_PHASE_STRIP = NO;
				DEBUG_INFORMATION_FORMAT = "dwarf-with-dsym";
				DEVELOPMENT_TEAM = BB694WD576;
				ENABLE_NS_ASSERTIONS = NO;
				ENABLE_STRICT_OBJC_MSGSEND = YES;
				ENABLE_USER_SCRIPT_SANDBOXING = YES;
				GCC_C_LANGUAGE_STANDARD = gnu17;
				GCC_NO_COMMON_BLOCKS = YES;
				GCC_WARN_64_TO_32_BIT_CONVERSION = YES;
				GCC_WARN_ABOUT_RETURN_TYPE = YES_ERROR;
				GCC_WARN_UNDECLARED_SELECTOR = YES;
				GCC_WARN_UNINITIALIZED_AUTOS = YES_AGGRESSIVE;
				GCC_WARN_UNUSED_FUNCTION = YES;
				GCC_WARN_UNUSED_VARIABLE = YES;
				IPHONEOS_DEPLOYMENT_TARGET = 18.5;
				LOCALIZATION_PREFERS_STRING_CATALOGS = YES;
				MTL_ENABLE_DEBUG_INFO = NO;
				MTL_FAST_MATH = YES;
				SDKROOT = iphoneos;
				SWIFT_COMPILATION_MODE = wholemodule;
				VALIDATE_PRODUCT = YES;
			};
			name = Release;
		};
		34E59A592EA16AFC00D44D94 /* Debug */ = {
			isa = XCBuildConfiguration;
			buildSettings = {
				ASSETCATALOG_COMPILER_APPICON_NAME = AppIcon;
				ASSETCATALOG_COMPILER_GLOBAL_ACCENT_COLOR_NAME = AccentColor;
				CODE_SIGN_STYLE = Automatic;
				CURRENT_PROJECT_VERSION = 1;
				DEVELOPMENT_TEAM = BB694WD576;
				ENABLE_PREVIEWS = YES;
				GENERATE_INFOPLIST_FILE = YES;
				INFOPLIST_KEY_UIApplicationSceneManifest_Generation = YES;
				INFOPLIST_KEY_UIApplicationSupportsIndirectInputEvents = YES;
				INFOPLIST_KEY_UILaunchScreen_Generation = YES;
				INFOPLIST_KEY_UISupportedInterfaceOrientations_iPad = "UIInterfaceOrientationPortrait UIInterfaceOrientationPortraitUpsideDown UIInterfaceOrientationLandscapeLeft UIInterfaceOrientationLandscapeRight";
				INFOPLIST_KEY_UISupportedInterfaceOrientations_iPhone = "UIInterfaceOrientationPortrait UIInterfaceOrientationLandscapeLeft UIInterfaceOrientationLandscapeRight";
				LD_RUNPATH_SEARCH_PATHS = (
					"$(inherited)",
					"@executable_path/Frameworks",
				);
				MARKETING_VERSION = 1.0;
				PRODUCT_BUNDLE_IDENTIFIER = "com.Suharev.Shift-app";
				PRODUCT_NAME = "$(TARGET_NAME)";
				SWIFT_EMIT_LOC_STRINGS = YES;
				SWIFT_VERSION = 5.0;
				TARGETED_DEVICE_FAMILY = "1,2";
			};
			name = Debug;
		};
		34E59A5A2EA16AFC00D44D94 /* Release */ = {
			isa = XCBuildConfiguration;
			buildSettings = {
				ASSETCATALOG_COMPILER_APPICON_NAME = AppIcon;
				ASSETCATALOG_COMPILER_GLOBAL_ACCENT_COLOR_NAME = AccentColor;
				CODE_SIGN_STYLE = Automatic;
				CURRENT_PROJECT_VERSION = 1;
				DEVELOPMENT_TEAM = BB694WD576;
				ENABLE_PREVIEWS = YES;
				GENERATE_INFOPLIST_FILE = YES;
				INFOPLIST_KEY_UIApplicationSceneManifest_Generation = YES;
				INFOPLIST_KEY_UIApplicationSupportsIndirectInputEvents = YES;
				INFOPLIST_KEY_UILaunchScreen_Generation = YES;
				INFOPLIST_KEY_UISupportedInterfaceOrientations_iPad = "UIInterfaceOrientationPortrait UIInterfaceOrientationPortraitUpsideDown UIInterfaceOrientationLandscapeLeft UIInterfaceOrientationLandscapeRight";
				INFOPLIST_KEY_UISupportedInterfaceOrientations_iPhone = "UIInterfaceOrientationPortrait UIInterfaceOrientationLandscapeLeft UIInterfaceOrientationLandscapeRight";
				LD_RUNPATH_SEARCH_PATHS = (
					"$(inherited)",
					"@executable_path/Frameworks",
				);
				MARKETING_VERSION = 1.0;
				PRODUCT_BUNDLE_IDENTIFIER = "com.Suharev.Shift-app";
				PRODUCT_NAME = "$(TARGET_NAME)";
				SWIFT_EMIT_LOC_STRINGS = YES;
				SWIFT_VERSION = 5.0;
				TARGETED_DEVICE_FAMILY = "1,2";
			};
			name = Release;
		};
		34E59A5C2EA16AFC00D44D94 /* Debug */ = {
			isa = XCBuildConfiguration;
			buildSettings = {
				BUNDLE_LOADER = "$(TEST_HOST)";
				CODE_SIGN_STYLE = Automatic;
				CURRENT_PROJECT_VERSION = 1;
				DEVELOPMENT_TEAM = BB694WD576;
				GENERATE_INFOPLIST_FILE = YES;
				IPHONEOS_DEPLOYMENT_TARGET = 18.5;
				MARKETING_VERSION = 1.0;
				PRODUCT_BUNDLE_IDENTIFIER = "com.Suharev.Shift-appTests";
				PRODUCT_NAME = "$(TARGET_NAME)";
				SWIFT_EMIT_LOC_STRINGS = NO;
				SWIFT_VERSION = 5.0;
				TARGETED_DEVICE_FAMILY = "1,2";
				TEST_HOST = "$(BUILT_PRODUCTS_DIR)/Shift-app.app/$(BUNDLE_EXECUTABLE_FOLDER_PATH)/Shift-app";
			};
			name = Debug;
		};
		34E59A5D2EA16AFC00D44D94 /* Release */ = {
			isa = XCBuildConfiguration;
			buildSettings = {
				BUNDLE_LOADER = "$(TEST_HOST)";
				CODE_SIGN_STYLE = Automatic;
				CURRENT_PROJECT_VERSION = 1;
				DEVELOPMENT_TEAM = BB694WD576;
				GENERATE_INFOPLIST_FILE = YES;
				IPHONEOS_DEPLOYMENT_TARGET = 18.5;
				MARKETING_VERSION = 1.0;
				PRODUCT_BUNDLE_IDENTIFIER = "com.Suharev.Shift-appTests";
				PRODUCT_NAME = "$(TARGET_NAME)";
				SWIFT_EMIT_LOC_STRINGS = NO;
				SWIFT_VERSION = 5.0;
				TARGETED_DEVICE_FAMILY = "1,2";
				TEST_HOST = "$(BUILT_PRODUCTS_DIR)/Shift-app.app/$(BUNDLE_EXECUTABLE_FOLDER_PATH)/Shift-app";
			};
			name = Release;
		};
		34E59A5F2EA16AFC00D44D94 /* Debug */ = {
			isa = XCBuildConfiguration;
			buildSettings = {
				CODE_SIGN_STYLE = Automatic;
				CURRENT_PROJECT_VERSION = 1;
				DEVELOPMENT_TEAM = BB694WD576;
				GENERATE_INFOPLIST_FILE = YES;
				MARKETING_VERSION = 1.0;
				PRODUCT_BUNDLE_IDENTIFIER = "com.Suharev.Shift-appUITests";
				PRODUCT_NAME = "$(TARGET_NAME)";
				SWIFT_EMIT_LOC_STRINGS = NO;
				SWIFT_VERSION = 5.0;
				TARGETED_DEVICE_FAMILY = "1,2";
				TEST_TARGET_NAME = "Shift-app";
			};
			name = Debug;
		};
		34E59A602EA16AFC00D44D94 /* Release */ = {
			isa = XCBuildConfiguration;
			buildSettings = {
				CODE_SIGN_STYLE = Automatic;
				CURRENT_PROJECT_VERSION = 1;
				DEVELOPMENT_TEAM = BB694WD576;
				GENERATE_INFOPLIST_FILE = YES;
				MARKETING_VERSION = 1.0;
				PRODUCT_BUNDLE_IDENTIFIER = "com.Suharev.Shift-appUITests";
				PRODUCT_NAME = "$(TARGET_NAME)";
				SWIFT_EMIT_LOC_STRINGS = NO;
				SWIFT_VERSION = 5.0;
				TARGETED_DEVICE_FAMILY = "1,2";
				TEST_TARGET_NAME = "Shift-app";
			};
			name = Release;
		};
/* End XCBuildConfiguration section */

/* Begin XCConfigurationList section */
		34E59A2D2EA16AFB00D44D94 /* Build configuration list for PBXProject "Shift-app" */ = {
			isa = XCConfigurationList;
			buildConfigurations = (
				34E59A562EA16AFC00D44D94 /* Debug */,
				34E59A572EA16AFC00D44D94 /* Release */,
			);
			defaultConfigurationIsVisible = 0;
			defaultConfigurationName = Release;
		};
		34E59A582EA16AFC00D44D94 /* Build configuration list for PBXNativeTarget "Shift-app" */ = {
			isa = XCConfigurationList;
			buildConfigurations = (
				34E59A592EA16AFC00D44D94 /* Debug */,
				34E59A5A2EA16AFC00D44D94 /* Release */,
			);
			defaultConfigurationIsVisible = 0;
			defaultConfigurationName = Release;
		};
		34E59A5B2EA16AFC00D44D94 /* Build configuration list for PBXNativeTarget "Shift-appTests" */ = {
			isa = XCConfigurationList;
			buildConfigurations = (
				34E59A5C2EA16AFC00D44D94 /* Debug */,
				34E59A5D2EA16AFC00D44D94 /* Release */,
			);
			defaultConfigurationIsVisible = 0;
			defaultConfigurationName = Release;
		};
		34E59A5E2EA16AFC00D44D94 /* Build configuration list for PBXNativeTarget "Shift-appUITests" */ = {
			isa = XCConfigurationList;
			buildConfigurations = (
				34E59A5F2EA16AFC00D44D94 /* Debug */,
				34E59A602EA16AFC00D44D94 /* Release */,
			);
			defaultConfigurationIsVisible = 0;
			defaultConfigurationName = Release;
		};
/* End XCConfigurationList section */
	};
	rootObject = 34E59A2A2EA16AFB00D44D94 /* Project object */;
}
